
Microsoft Visual Studio Solution File, Format Version 12.00
# Visual Studio Version 17
VisualStudioVersion = 17.9.34616.47
MinimumVisualStudioVersion = 10.0.40219.1
Project("{FAE04EC0-301F-11D3-BF4B-00C04F79EFBC}") = "cMainatoS6", "cMainatoS6.csproj", "{EE9F9FB7-EF4E-462F-AEA3-0A6BABC74E5C}"
EndProject
Global
	GlobalSection(SolutionConfigurationPlatforms) = preSolution
		Debug|Any CPU = Debug|Any CPU
		Release|Any CPU = Release|Any CPU
	EndGlobalSection
	GlobalSection(ProjectConfigurationPlatforms) = postSolution
		{EE9F9FB7-EF4E-462F-AEA3-0A6BABC74E5C}.Debug|Any CPU.ActiveCfg = Debug|Any CPU
		{EE9F9FB7-EF4E-462F-AEA3-0A6BABC74E5C}.Debug|Any CPU.Build.0 = Debug|Any CPU
		{EE9F9FB7-EF4E-462F-AEA3-0A6BABC74E5C}.Debug|Any CPU.Deploy.0 = Debug|Any CPU
		{EE9F9FB7-EF4E-462F-AEA3-0A6BABC74E5C}.Release|Any CPU.ActiveCfg = Release|Any CPU
		{EE9F9FB7-EF4E-462F-AEA3-0A6BABC74E5C}.Release|Any CPU.Build.0 = Release|Any CPU
		{EE9F9FB7-EF4E-462F-AEA3-0A6BABC74E5C}.Release|Any CPU.Deploy.0 = Release|Any CPU
	EndGlobalSection
	GlobalSection(SolutionProperties) = preSolution
		HideSolutionNode = FALSE
	EndGlobalSection
	GlobalSection(ExtensibilityGlobals) = postSolution
		SolutionGuid = {6735BA32-03EE-46BA-9681-84CCFB3F41F0}
	EndGlobalSection
EndGlobal
